
Microsoft Visual Studio Solution File, Format Version 12.00
# Visual Studio Version 16
VisualStudioVersion = 16.0.31624.102
MinimumVisualStudioVersion = 10.0.40219.1
Project("{9A19103F-16F7-4668-BE54-9A1E7A4F7556}") = "DictionaryCommandValidator.Example", "DictionaryCommandValidator\DictionaryCommandValidator.Example.csproj", "{E3FC63B4-D0E3-4A8D-80B7-2BD675D3F0EE}"
EndProject
Project("{9A19103F-16F7-4668-BE54-9A1E7A4F7556}") = "DictionaryCommandValidator", "..\DictionaryCommandValidatorLib\DictionaryCommandValidator.csproj", "{CEFE884E-AFD1-498D-A7F2-0BEAB497566B}"
EndProject
Project("{FAE04EC0-301F-11D3-BF4B-00C04F79EFBC}") = "DictionaryCommandValidator.Tests", "DictionaryCommandValidator.Tests\DictionaryCommandValidator.Tests.csproj", "{35A33A96-80C8-4D84-9FFC-E822B3C5451D}"
	ProjectSection(ProjectDependencies) = postProject
		{CEFE884E-AFD1-498D-A7F2-0BEAB497566B} = {CEFE884E-AFD1-498D-A7F2-0BEAB497566B}
	EndProjectSection
EndProject
Global
	GlobalSection(SolutionConfigurationPlatforms) = preSolution
		Debug|Any CPU = Debug|Any CPU
		Release|Any CPU = Release|Any CPU
	EndGlobalSection
	GlobalSection(ProjectConfigurationPlatforms) = postSolution
		{E3FC63B4-D0E3-4A8D-80B7-2BD675D3F0EE}.Debug|Any CPU.ActiveCfg = Debug|Any CPU
		{E3FC63B4-D0E3-4A8D-80B7-2BD675D3F0EE}.Debug|Any CPU.Build.0 = Debug|Any CPU
		{E3FC63B4-D0E3-4A8D-80B7-2BD675D3F0EE}.Release|Any CPU.ActiveCfg = Release|Any CPU
		{E3FC63B4-D0E3-4A8D-80B7-2BD675D3F0EE}.Release|Any CPU.Build.0 = Release|Any CPU
		{CEFE884E-AFD1-498D-A7F2-0BEAB497566B}.Debug|Any CPU.ActiveCfg = Debug|Any CPU
		{CEFE884E-AFD1-498D-A7F2-0BEAB497566B}.Debug|Any CPU.Build.0 = Debug|Any CPU
		{CEFE884E-AFD1-498D-A7F2-0BEAB497566B}.Release|Any CPU.ActiveCfg = Release|Any CPU
		{CEFE884E-AFD1-498D-A7F2-0BEAB497566B}.Release|Any CPU.Build.0 = Release|Any CPU
		{35A33A96-80C8-4D84-9FFC-E822B3C5451D}.Debug|Any CPU.ActiveCfg = Debug|Any CPU
		{35A33A96-80C8-4D84-9FFC-E822B3C5451D}.Debug|Any CPU.Build.0 = Debug|Any CPU
		{35A33A96-80C8-4D84-9FFC-E822B3C5451D}.Release|Any CPU.ActiveCfg = Release|Any CPU
		{35A33A96-80C8-4D84-9FFC-E822B3C5451D}.Release|Any CPU.Build.0 = Release|Any CPU
	EndGlobalSection
	GlobalSection(SolutionProperties) = preSolution
		HideSolutionNode = FALSE
	EndGlobalSection
	GlobalSection(ExtensibilityGlobals) = postSolution
		SolutionGuid = {2D2B7610-A5C6-444C-816D-39B85093DCC4}
	EndGlobalSection
EndGlobal
